
Microsoft Visual Studio Solution File, Format Version 12.00
# Visual Studio 2013
VisualStudioVersion = 12.0.21005.1
MinimumVisualStudioVersion = 10.0.40219.1
Project("{2150E333-8FDC-42A3-9474-1A3956D46DE8}") = "Backend", "Backend", "{695FA826-7E9E-432A-9318-5481351814A0}"
EndProject
Project("{2150E333-8FDC-42A3-9474-1A3956D46DE8}") = "Frontend", "Frontend", "{F1F4B55C-0CEB-410A-842C-340160D62886}"
EndProject
Project("{2150E333-8FDC-42A3-9474-1A3956D46DE8}") = "Common", "Common", "{836DA081-79C5-41F6-AE87-45F1DD5E11EC}"
EndProject
Project("{2150E333-8FDC-42A3-9474-1A3956D46DE8}") = "DataAccess", "DataAccess", "{7FA82053-0F03-4475-AA09-59AE882EEED8}"
EndProject
Project("{2150E333-8FDC-42A3-9474-1A3956D46DE8}") = "DomainServices", "DomainServices", "{EB58BDC0-4A7B-471A-9F0B-7E670AEA641C}"
EndProject
Project("{2150E333-8FDC-42A3-9474-1A3956D46DE8}") = "WebApi", "WebApi", "{15A5C96A-7D4C-4DFA-8D13-15E20401049D}"
EndProject
Project("{FAE04EC0-301F-11D3-BF4B-00C04F79EFBC}") = "CodeArt.Frontend", "Frontend\CodeArt.Frontend\CodeArt.Frontend.csproj", "{100CDCFD-AC74-4A40-A577-07D134BDB6D7}"
EndProject
Project("{FAE04EC0-301F-11D3-BF4B-00C04F79EFBC}") = "CodeArt.Frontend.Tests", "Frontend\CodeArt.Frontend.Tests\CodeArt.Frontend.Tests.csproj", "{F580ED15-4E2E-43D5-BFE9-DA77344CA734}"
EndProject
Project("{FAE04EC0-301F-11D3-BF4B-00C04F79EFBC}") = "CodeArt.WebApi", "Backend\WebApi\CodeArt.WebApi\CodeArt.WebApi.csproj", "{87420288-BCE9-4A39-BEBF-73B754F4DB9E}"
EndProject
Project("{FAE04EC0-301F-11D3-BF4B-00C04F79EFBC}") = "CodeArt.WebApi.Tests", "Backend\WebApi\CodeArt.WebApi.Tests\CodeArt.WebApi.Tests.csproj", "{C3C78DC4-69ED-4457-9F59-76822DD8A0A1}"
EndProject
Project("{FAE04EC0-301F-11D3-BF4B-00C04F79EFBC}") = "CodeArt.DomainServices", "Backend\DomainServices\CodeArt.DomainServices\CodeArt.DomainServices.csproj", "{C26DC6A6-7462-4E1A-8049-5A920BA22805}"
EndProject
Project("{FAE04EC0-301F-11D3-BF4B-00C04F79EFBC}") = "CodeArt.DomainServices.Contracts", "Backend\DomainServices\CodeArt.DomainServices.Contracts\CodeArt.DomainServices.Contracts.csproj", "{AF3E5D36-780D-47F1-BE12-AFAFA7F590B1}"
EndProject
Project("{FAE04EC0-301F-11D3-BF4B-00C04F79EFBC}") = "CodeArt.DomainServices.Tests", "Backend\DomainServices\CodeArt.DomainServices.Tests\CodeArt.DomainServices.Tests.csproj", "{CBFC79EF-BEE7-4EBD-BF22-4362E9F83349}"
EndProject
Project("{FAE04EC0-301F-11D3-BF4B-00C04F79EFBC}") = "CodeArt.DataAccess", "Backend\DataAccess\CodeArt.DataAccess\CodeArt.DataAccess.csproj", "{CEE01530-B5D5-4514-9EFF-5C41E6C93236}"
EndProject
Project("{FAE04EC0-301F-11D3-BF4B-00C04F79EFBC}") = "CodeArt.DataAccess.Contracts", "Backend\DataAccess\CodeArt.DataAccess.Contracts\CodeArt.DataAccess.Contracts.csproj", "{F4A000B1-CB69-47A9-8FDA-8B2DCD698E64}"
EndProject
Project("{FAE04EC0-301F-11D3-BF4B-00C04F79EFBC}") = "CodeArt.DataAccess.Tests", "Backend\DataAccess\CodeArt.DataAccess.Tests\CodeArt.DataAccess.Tests.csproj", "{9294168C-6748-410F-B104-10AB1E261AE0}"
EndProject
Project("{FAE04EC0-301F-11D3-BF4B-00C04F79EFBC}") = "CodeArt.Common", "Backend\Common\CodeArt.Common\CodeArt.Common.csproj", "{23FC5560-AC5E-48E7-BEF4-CDE8AAC65977}"
EndProject
Project("{FAE04EC0-301F-11D3-BF4B-00C04F79EFBC}") = "CodeArt.Common.Contracts", "Backend\Common\CodeArt.Common.Contracts\CodeArt.Common.Contracts.csproj", "{F831198B-2372-433B-9F38-5C6F401BE1F2}"
EndProject
Project("{FAE04EC0-301F-11D3-BF4B-00C04F79EFBC}") = "CodeArt.Common.Tests", "Backend\Common\CodeArt.Common.Tests\CodeArt.Common.Tests.csproj", "{B4384FFB-2034-448B-B050-CC0BDE2D0C68}"
EndProject
Global
	GlobalSection(SolutionConfigurationPlatforms) = preSolution
		Debug|Any CPU = Debug|Any CPU
		Release|Any CPU = Release|Any CPU
	EndGlobalSection
	GlobalSection(ProjectConfigurationPlatforms) = postSolution
		{100CDCFD-AC74-4A40-A577-07D134BDB6D7}.Debug|Any CPU.ActiveCfg = Debug|Any CPU
		{100CDCFD-AC74-4A40-A577-07D134BDB6D7}.Debug|Any CPU.Build.0 = Debug|Any CPU
		{100CDCFD-AC74-4A40-A577-07D134BDB6D7}.Release|Any CPU.ActiveCfg = Release|Any CPU
		{100CDCFD-AC74-4A40-A577-07D134BDB6D7}.Release|Any CPU.Build.0 = Release|Any CPU
		{F580ED15-4E2E-43D5-BFE9-DA77344CA734}.Debug|Any CPU.ActiveCfg = Debug|Any CPU
		{F580ED15-4E2E-43D5-BFE9-DA77344CA734}.Debug|Any CPU.Build.0 = Debug|Any CPU
		{F580ED15-4E2E-43D5-BFE9-DA77344CA734}.Release|Any CPU.ActiveCfg = Release|Any CPU
		{F580ED15-4E2E-43D5-BFE9-DA77344CA734}.Release|Any CPU.Build.0 = Release|Any CPU
		{87420288-BCE9-4A39-BEBF-73B754F4DB9E}.Debug|Any CPU.ActiveCfg = Debug|Any CPU
		{87420288-BCE9-4A39-BEBF-73B754F4DB9E}.Debug|Any CPU.Build.0 = Debug|Any CPU
		{87420288-BCE9-4A39-BEBF-73B754F4DB9E}.Release|Any CPU.ActiveCfg = Release|Any CPU
		{87420288-BCE9-4A39-BEBF-73B754F4DB9E}.Release|Any CPU.Build.0 = Release|Any CPU
		{C3C78DC4-69ED-4457-9F59-76822DD8A0A1}.Debug|Any CPU.ActiveCfg = Debug|Any CPU
		{C3C78DC4-69ED-4457-9F59-76822DD8A0A1}.Debug|Any CPU.Build.0 = Debug|Any CPU
		{C3C78DC4-69ED-4457-9F59-76822DD8A0A1}.Release|Any CPU.ActiveCfg = Release|Any CPU
		{C3C78DC4-69ED-4457-9F59-76822DD8A0A1}.Release|Any CPU.Build.0 = Release|Any CPU
		{C26DC6A6-7462-4E1A-8049-5A920BA22805}.Debug|Any CPU.ActiveCfg = Debug|Any CPU
		{C26DC6A6-7462-4E1A-8049-5A920BA22805}.Debug|Any CPU.Build.0 = Debug|Any CPU
		{C26DC6A6-7462-4E1A-8049-5A920BA22805}.Release|Any CPU.ActiveCfg = Release|Any CPU
		{C26DC6A6-7462-4E1A-8049-5A920BA22805}.Release|Any CPU.Build.0 = Release|Any CPU
		{AF3E5D36-780D-47F1-BE12-AFAFA7F590B1}.Debug|Any CPU.ActiveCfg = Debug|Any CPU
		{AF3E5D36-780D-47F1-BE12-AFAFA7F590B1}.Debug|Any CPU.Build.0 = Debug|Any CPU
		{AF3E5D36-780D-47F1-BE12-AFAFA7F590B1}.Release|Any CPU.ActiveCfg = Release|Any CPU
		{AF3E5D36-780D-47F1-BE12-AFAFA7F590B1}.Release|Any CPU.Build.0 = Release|Any CPU
		{CBFC79EF-BEE7-4EBD-BF22-4362E9F83349}.Debug|Any CPU.ActiveCfg = Debug|Any CPU
		{CBFC79EF-BEE7-4EBD-BF22-4362E9F83349}.Debug|Any CPU.Build.0 = Debug|Any CPU
		{CBFC79EF-BEE7-4EBD-BF22-4362E9F83349}.Release|Any CPU.ActiveCfg = Release|Any CPU
		{CBFC79EF-BEE7-4EBD-BF22-4362E9F83349}.Release|Any CPU.Build.0 = Release|Any CPU
		{CEE01530-B5D5-4514-9EFF-5C41E6C93236}.Debug|Any CPU.ActiveCfg = Debug|Any CPU
		{CEE01530-B5D5-4514-9EFF-5C41E6C93236}.Debug|Any CPU.Build.0 = Debug|Any CPU
		{CEE01530-B5D5-4514-9EFF-5C41E6C93236}.Release|Any CPU.ActiveCfg = Release|Any CPU
		{CEE01530-B5D5-4514-9EFF-5C41E6C93236}.Release|Any CPU.Build.0 = Release|Any CPU
		{F4A000B1-CB69-47A9-8FDA-8B2DCD698E64}.Debug|Any CPU.ActiveCfg = Debug|Any CPU
		{F4A000B1-CB69-47A9-8FDA-8B2DCD698E64}.Debug|Any CPU.Build.0 = Debug|Any CPU
		{F4A000B1-CB69-47A9-8FDA-8B2DCD698E64}.Release|Any CPU.ActiveCfg = Release|Any CPU
		{F4A000B1-CB69-47A9-8FDA-8B2DCD698E64}.Release|Any CPU.Build.0 = Release|Any CPU
		{9294168C-6748-410F-B104-10AB1E261AE0}.Debug|Any CPU.ActiveCfg = Debug|Any CPU
		{9294168C-6748-410F-B104-10AB1E261AE0}.Debug|Any CPU.Build.0 = Debug|Any CPU
		{9294168C-6748-410F-B104-10AB1E261AE0}.Release|Any CPU.ActiveCfg = Release|Any CPU
		{9294168C-6748-410F-B104-10AB1E261AE0}.Release|Any CPU.Build.0 = Release|Any CPU
		{23FC5560-AC5E-48E7-BEF4-CDE8AAC65977}.Debug|Any CPU.ActiveCfg = Debug|Any CPU
		{23FC5560-AC5E-48E7-BEF4-CDE8AAC65977}.Debug|Any CPU.Build.0 = Debug|Any CPU
		{23FC5560-AC5E-48E7-BEF4-CDE8AAC65977}.Release|Any CPU.ActiveCfg = Release|Any CPU
		{23FC5560-AC5E-48E7-BEF4-CDE8AAC65977}.Release|Any CPU.Build.0 = Release|Any CPU
		{F831198B-2372-433B-9F38-5C6F401BE1F2}.Debug|Any CPU.ActiveCfg = Debug|Any CPU
		{F831198B-2372-433B-9F38-5C6F401BE1F2}.Debug|Any CPU.Build.0 = Debug|Any CPU
		{F831198B-2372-433B-9F38-5C6F401BE1F2}.Release|Any CPU.ActiveCfg = Release|Any CPU
		{F831198B-2372-433B-9F38-5C6F401BE1F2}.Release|Any CPU.Build.0 = Release|Any CPU
		{B4384FFB-2034-448B-B050-CC0BDE2D0C68}.Debug|Any CPU.ActiveCfg = Debug|Any CPU
		{B4384FFB-2034-448B-B050-CC0BDE2D0C68}.Debug|Any CPU.Build.0 = Debug|Any CPU
		{B4384FFB-2034-448B-B050-CC0BDE2D0C68}.Release|Any CPU.ActiveCfg = Release|Any CPU
		{B4384FFB-2034-448B-B050-CC0BDE2D0C68}.Release|Any CPU.Build.0 = Release|Any CPU
	EndGlobalSection
	GlobalSection(SolutionProperties) = preSolution
		HideSolutionNode = FALSE
	EndGlobalSection
	GlobalSection(NestedProjects) = preSolution
		{836DA081-79C5-41F6-AE87-45F1DD5E11EC} = {695FA826-7E9E-432A-9318-5481351814A0}
		{7FA82053-0F03-4475-AA09-59AE882EEED8} = {695FA826-7E9E-432A-9318-5481351814A0}
		{EB58BDC0-4A7B-471A-9F0B-7E670AEA641C} = {695FA826-7E9E-432A-9318-5481351814A0}
		{15A5C96A-7D4C-4DFA-8D13-15E20401049D} = {695FA826-7E9E-432A-9318-5481351814A0}
		{100CDCFD-AC74-4A40-A577-07D134BDB6D7} = {F1F4B55C-0CEB-410A-842C-340160D62886}
		{F580ED15-4E2E-43D5-BFE9-DA77344CA734} = {F1F4B55C-0CEB-410A-842C-340160D62886}
		{23FC5560-AC5E-48E7-BEF4-CDE8AAC65977} = {836DA081-79C5-41F6-AE87-45F1DD5E11EC}
		{F831198B-2372-433B-9F38-5C6F401BE1F2} = {836DA081-79C5-41F6-AE87-45F1DD5E11EC}
		{B4384FFB-2034-448B-B050-CC0BDE2D0C68} = {836DA081-79C5-41F6-AE87-45F1DD5E11EC}
		{CEE01530-B5D5-4514-9EFF-5C41E6C93236} = {7FA82053-0F03-4475-AA09-59AE882EEED8}
		{F4A000B1-CB69-47A9-8FDA-8B2DCD698E64} = {7FA82053-0F03-4475-AA09-59AE882EEED8}
		{9294168C-6748-410F-B104-10AB1E261AE0} = {7FA82053-0F03-4475-AA09-59AE882EEED8}
		{C26DC6A6-7462-4E1A-8049-5A920BA22805} = {EB58BDC0-4A7B-471A-9F0B-7E670AEA641C}
		{AF3E5D36-780D-47F1-BE12-AFAFA7F590B1} = {EB58BDC0-4A7B-471A-9F0B-7E670AEA641C}
		{CBFC79EF-BEE7-4EBD-BF22-4362E9F83349} = {EB58BDC0-4A7B-471A-9F0B-7E670AEA641C}
		{87420288-BCE9-4A39-BEBF-73B754F4DB9E} = {15A5C96A-7D4C-4DFA-8D13-15E20401049D}
		{C3C78DC4-69ED-4457-9F59-76822DD8A0A1} = {15A5C96A-7D4C-4DFA-8D13-15E20401049D}
	EndGlobalSection
EndGlobal
